bazil.org/fuse v0.0.0-20160811212531-371fbbdaa898 h1:SC+c6A1qTFstO9qmB86mPV2IpYme/2ZoEQ0hrP+wo+Q=
bazil.org/fuse v0.0.0-20160811212531-371fbbdaa898/go.mod h1:Xbm+BRKSBEpa4q4hTSxohYNQpsxXPbPry4JJWOB3LB8=
github.com/Azure/go-autorest v8.1.1+incompatible/go.mod h1:r+4oMnoxhatjLLJ6zxSWATqVooLgysK6ZNox3g/xq24=
github.com/BurntSushi/toml v0.0.0-20170626110600-a368813c5e64 h1:BuYewlQyh/jroxY8qx41SrzD8Go17GkyCyAeVmprvQI=
github.com/BurntSushi/toml v0.0.0-20170626110600-a368813c5e64/go.mod h1:xHWCNGjB5oqiDr8zfno3MHue2Ht5sIBksp03qcyfWMU=
github.com/ContainX/docker-volume-netshare v0.0.0-20180128064639-3b432b74a4be h1:BmFl+DMwxWE1KhafPLva5WCAaxY/Xau50Zg7Max+fNg=
github.com/ContainX/docker-volume-netshare v0.0.0-20180128064639-3b432b74a4be/go.mod h1:mASte5EB/6iXUJ95eLTjQGp5YPljbhHwrbAmx06DK58=
github.com/Masterminds/squirrel v0.0.0-20180612165926-7d201d09bfa8 h1:rcmURH5jjut2bcPGUsYmSAxnHiXF4oB+WNICXxV05b8=
github.com/Masterminds/squirrel v0.0.0-20180612165926-7d201d09bfa8/go.mod h1:xnKTFzjGUiZtiOagBsfnvomW+nJg2usB1ZpordQWqNM=
github.com/MaxHalford/gago v0.0.0-20180803141938-502b393f59df h1:bvQ23VGspQtwqPLkq0ElO6Y0oIMEvVtH6RoQG7gSIBI=
github.com/MaxHalford/gago v0.0.0-20180803141938-502b393f59df/go.mod h1:AQUEEjyx2VRPxPFDNBANzFOANctuUGeLIIieu3UUjsQ=
github.com/NVIDIA/nvidia-docker v0.0.0-20170722195403-d8e8727788aa/go.mod h1:Owm+QXUYchDJTSFtwr8Q0xN+XCus9ltrQwSeCqqRXpg=
github.com/StackExchange/wmi v0.0.0-20170410192909-ea383cf3ba6e/go.mod h1:3eOhrUMpNV+6aFIbp5/iudMxNCF27Vw2OZgy4xEx0Fg=
github.com/anmitsu/go-shlex v0.0.0-20161002113705-648efa622239 h1:kFOfPq6dUM1hTo4JG6LR5AXSUEsOjtdm0kw0FtQtMJA=
github.com/anmitsu/go-shlex v0.0.0-20161002113705-648efa622239/go.mod h1:2FmKhYUyUczH0OGQWaF5ceTx0UBShxjsH6f8oGKYe2c=
github.com/aristanetworks/goarista v0.0.0-20180907105523-ff33da284e76 h1:64W/KrGykPTfDI9xTkZtnjZRYA5p2+c/IuGgjzeWCpI=
github.com/aristanetworks/goarista v0.0.0-20180907105523-ff33da284e76/go.mod h1:D/tb0zPVXnP7fmsLZjtdUhSsumbK/ij54UXjjVgMGxQ=
github.com/armon/go-metrics v0.0.0-20180221182744-783273d70314 h1:jpSQNQxHcJYxs/ZpBX2p05wPGmF9BKQQKdyg2cCzWeA=
github.com/armon/go-metrics v0.0.0-20180221182744-783273d70314/go.mod h1:Q73ZrmVTwzkszR9V5SSuryQ31EELlFMUz1kKyl939pY=
github.com/asaskevich/govalidator v0.0.0-20180319081651-7d2e70ef918f h1:/8NcnxL60YFll4ehCwibKotx0BR9v2ND40fomga8qDs=
github.com/asaskevich/govalidator v0.0.0-20180319081651-7d2e70ef918f/go.mod h1:lB+ZfQJz7igIIfQNfa7Ml4HSf2uFQQRzpGGRXenZAgY=
github.com/beorn7/perks v0.0.0-20160804104726-4c0e84591b9a h1:BtpsbiV638WQZwhA98cEZw2BsbnQJrbd0BI7tsy0W1c=
github.com/beorn7/perks v0.0.0-20160804104726-4c0e84591b9a/go.mod h1:Dwedo/Wpr24TaqPxmxbtue+5NUziq4I4S80YR8gNf3Q=
github.com/boltdb/bolt v1.3.1 h1:JQmyP4ZBrce+ZQu0dY660FMfatumYDLun9hBCUVIkF4=
github.com/boltdb/bolt v1.3.1/go.mod h1:clJnj/oiGkjum5o1McbSZDSLxVThjynRyGBgiAx27Ps=
github.com/btcsuite/btcd v0.0.0-20171023093315-c7588cbf7690 h1:YSTjdPEsX8T2D31S9U7c4xxo0sQGa6TZ65cpCd7yVqU=
github.com/btcsuite/btcd v0.0.0-20171023093315-c7588cbf7690/go.mod h1:Dmm/EzmjnCiweXmzRIAiUWCInVmPgjkzgv5k4tVyXiQ=
github.com/c2h5oh/datasize v0.0.0-20171227191756-4eba002a5eae h1:2Zmk+8cNvAGuY8AyvZuWpUdpQUAXwfom4ReVMe/CTIo=
github.com/c2h5oh/datasize v0.0.0-20171227191756-4eba002a5eae/go.mod h1:S/7n9copUssQ56c7aAgHqftWO4LTf4xY6CGWt8Bc+3M=
github.com/ccding/go-stun v0.0.0-20170323223013-04a4eed61c57/go.mod h1:3FK1bMar37f7jqVY7q/63k3OMX1c47pGCufzt3X0sYE=
github.com/cdipaolo/goml v0.0.0-20161030204843-e2d8def04c9a h1:+8ndgVCRTyBJKTxfdzvDi2p7I+5ahjA7NRhlH7mNfIA=
github.com/cdipaolo/goml v0.0.0-20161030204843-e2d8def04c9a/go.mod h1:sduMkaHcXDIWurl/Bd/z0rNEUHw5tr6LUA9IO8E9o0o=
github.com/certifi/gocertifi v0.0.0-20180905225744-ee1a9a0726d2 h1:MmeatFT1pTPSVb4nkPmBFN/LRZ97vPjsFKsZrU3KKTs=
github.com/certifi/gocertifi v0.0.0-20180905225744-ee1a9a0726d2/go.mod h1:GJKEexRPVJrBSOjoqN5VNOIKJ5Q3RViH6eu3puDRwx4=
github.com/cnf/structhash v0.0.0-20170702194520-7710f1f78fb9 h1:Z6eVYnPyw1IbfiL+z+13vZhe3cI1lhE5nhRQbSxQFME=
github.com/cnf/structhash v0.0.0-20170702194520-7710f1f78fb9/go.mod h1:pCxVEbcm3AMg7ejXyorUXi6HQCzOIBf7zEDVPtw0/U4=
github.com/containerd/cgroups v0.0.0-20170714210333-6d5c608c203d h1:M7/OEkUwIjjSck/krOAf+5ErhE90WAyb53NGfWoygwc=
github.com/containerd/cgroups v0.0.0-20170714210333-6d5c608c203d/go.mod h1:X9rLEHIqSf/wfK8NsPqxJmeZgW4pcfzdXITDrUSJ6uI=
github.com/coreos/go-systemd v0.0.0-20170609144627-24036eb3df68 h1:Z80xKolFQLHEJW4wpdLn1gPUwr6ZJQGmEzJDfjxUWjM=
github.com/coreos/go-systemd v0.0.0-20170609144627-24036eb3df68/go.mod h1:F5haX7vjVVG0kc13fIWeqUViNPyEJxv/OmvnBo0Yme4=
github.com/davecgh/go-spew v1.1.1 h1:vj9j/u1bqnvCEfJOwUhtlOARqs3+rkHYY13jYWTU97c=
github.com/davecgh/go-spew v1.1.1/go.mod h1:J7Y8YcW2NihsgmVo/mv3lAwl/skON4iLHjSsI+c5H38=
github.com/deckarep/golang-set v0.0.0-20180927150649-699df6a3acf6 h1:+CICy2RHjHa2/+i6setnlf/UKQv1h6Oti4PVpk3Hjlk=
github.com/deckarep/golang-set v0.0.0-20180927150649-699df6a3acf6/go.mod h1:93vsz/8Wt4joVM7c2AVqh+YRMiUSc14yDtF28KmMOgQ=
github.com/dgrijalva/jwt-go v3.2.0+incompatible h1:7qlOGliEKZXTDg6OTjfoBKDXWrumCAMpl/TFQ4/5kLM=
github.com/dgrijalva/jwt-go v3.2.0+incompatible/go.mod h1:E3ru+11k8xSBh+hMPgOLZmtrrCbhqsmaPHjLKYnJCaQ=
github.com/dickeyxxx/netrc v0.0.0-20150924214217-3acf1b3de25d h1:jXZ0EERNL0v9T60IAcEMoykpEXm7n/yvkoEvd9YAdik=
github.com/dickeyxxx/netrc v0.0.0-20150924214217-3acf1b3de25d/go.mod h1:yJi2ErNJXXF67mkADCp1kk8AMBFiX48CwUWnsjpCpII=
github.com/docker/distribution v2.6.2+incompatible h1:4FI6af79dfCS/CYb+RRtkSHw3q1L/bnDjG1PcPZtQhM=
github.com/docker/distribution v2.6.2+incompatible/go.mod h1:J2gT2udsDAN96Uj4KfcMRqY0/ypR+oyYUYmja8H+y+w=
github.com/docker/distribution v2.7.0-rc.0+incompatible h1:Nw9tozLpkMnG3IA1zLzsCuwKizII6havt4iIXWWzU2s=
github.com/docker/distribution v2.7.0-rc.0+incompatible/go.mod h1:J2gT2udsDAN96Uj4KfcMRqY0/ypR+oyYUYmja8H+y+w=
github.com/docker/docker v0.0.0-20170608045038-cd35e4beee13 h1:VmQKC10Ec3fZLo1npYPic9XO/fisNFhTGUlSnVJJj/4=
github.com/docker/docker v0.0.0-20170608045038-cd35e4beee13/go.mod h1:eEKB0N0r5NX/I1kEveEz05bcu8tLC/8azJZsviup8Sk=
github.com/docker/docker v0.0.0-20170809005417-c7911389e646 h1:mKUQMypp8Af/73bDgmBZLsoeD2oTIn0T+LPaa/DiHho=
github.com/docker/docker v0.0.0-20170809005417-c7911389e646/go.mod h1:eEKB0N0r5NX/I1kEveEz05bcu8tLC/8azJZsviup8Sk=
github.com/docker/go-connections v0.4.0 h1:El9xVISelRB7BuFusrZozjnkIM5YnzCViNKohAFqRJQ=
github.com/docker/go-connections v0.4.0/go.mod h1:Gbd7IOopHjR8Iph03tsViu4nIes5XhDvyHbTtUxmeec=
github.com/docker/go-plugins-helpers v0.0.0-20180116160015-61cb8e233420 h1:WlllZ18+D+G9eDazaI6pmfcBBtPGFYGNkSQAiUZjHiY=
github.com/docker/go-plugins-helpers v0.0.0-20180116160015-61cb8e233420/go.mod h1:LFyLie6XcDbyKGeVK6bHe+9aJTYCxWLBg5IrJZOaXKA=
github.com/docker/go-units v0.3.3 h1:Xk8S3Xj5sLGlG5g67hJmYMmUgXv5N4PhkjJHHqrwnTk=
github.com/docker/go-units v0.3.3/go.mod h1:fgPhTUdO+D/Jk86RDLlptpiXQzgHJF7gydDDbaIK4Dk=
github.com/docker/libkv v0.0.0-20170701232644-93ab0e6c056d h1:wr7WiTzh93Wh+e2HTCfMe2a8FW5HexAKmW/3hbdrdDk=
github.com/docker/libkv v0.0.0-20170701232644-93ab0e6c056d/go.mod h1:r5hEwHwW8dr0TFBYGCarMNbrQOiwL1xoqDYZ/JqoTK0=
github.com/docker/libtrust v0.0.0-20160708172513-aabc10ec26b7 h1:UhxFibDNY/bfvqU5CAUmr9zpesgbU6SWc8/B4mflAE4=
github.com/docker/libtrust v0.0.0-20160708172513-aabc10ec26b7/go.mod h1:cyGadeNEkKy96OOhEzfZl+yxihPEzKnqJwvfuSUqbZE=
github.com/edsrzf/mmap-go v0.0.0-20170320065105-0bce6a688712 h1:aaQcKT9WumO6JEJcRyTqFVq4XUZiUcKR2/GI31TOcz8=
github.com/edsrzf/mmap-go v0.0.0-20170320065105-0bce6a688712/go.mod h1:YO35OhQPt3KJa3ryjFM5Bs14WD66h8eGKpfaBNrHW5M=
github.com/elastic/gosigar v0.0.0-20180330100440-37f05ff46ffa h1:o8OuEkracbk3qH6GvlI6XpEN1HTSxkzOG42xZpfDv/s=
github.com/elastic/gosigar v0.0.0-20180330100440-37f05ff46ffa/go.mod h1:cdorVVzy1fhmEqmtgqkoE3bYtCfSCkVyjTyCIo22xvs=
github.com/ethereum/go-ethereum v0.0.0-20180929205331-b69942befeb9 h1:I9Zq9ZZDMWyBScFmt1j4JU7B7xYkYa1J2YYCBsprfg4=
github.com/ethereum/go-ethereum v0.0.0-20180929205331-b69942befeb9/go.mod h1:PwpWDrCLZrV+tfrhqqF6kPknbISMHaJv9Ln3kPCZLwY=
github.com/facebookgo/stack v0.0.0-20160209184415-751773369052 h1:JWuenKqqX8nojtoVVWjGfOF9635RETekkoH6Cc9SX0A=
github.com/facebookgo/stack v0.0.0-20160209184415-751773369052/go.mod h1:UbMTZqLaRiH3MsBH8va0n7s1pQYcu3uTb8G4tygF4Zg=
github.com/fatih/structs v0.0.0-20180123065059-ebf56d35bba7 h1:bGT+Ub6bpzHl7AAYQhBrZ5nYTAH2SF/848WducU0Ao4=
github.com/fatih/structs v0.0.0-20180123065059-ebf56d35bba7/go.mod h1:9NiDSp5zOcgEDl+j00MP/WkGVPOlPRLejGD8Ga6PJ7M=
github.com/fjl/memsize v0.0.0-20180929194037-2a09253e352a h1:1znxn4+q2MrEdTk1eCk6KIV3muTYVclBIB6CTVR/zBc=
github.com/fjl/memsize v0.0.0-20180929194037-2a09253e352a/go.mod h1:VvhXpOYNQvB+uIk2RvXzuaQtkQJzzIx6lSBe1xv7hi0=
github.com/fsnotify/fsnotify v1.4.7 h1:IXs+QLmnXW2CcXuY+8Mzv/fWEsPGWxqefPtCP5CnV9I=
github.com/fsnotify/fsnotify v1.4.7/go.mod h1:jwhsz4b93w/PPRr/qN1Yymfu8t87LnFCMoQvtojpjFo=
github.com/gliderlabs/ssh v0.0.0-20170731185311-9ccc7bbb6481 h1:hszg2uxkdq+tnsVamq2Mth2CWKJU+zFI7gv3UBBZcNA=
github.com/gliderlabs/ssh v0.0.0-20170731185311-9ccc7bbb6481/go.mod h1:U7qILu1NlMHj9FlMhZLlkCdDnU1DBEAqr0aevW3Awn0=
github.com/go-ole/go-ole v0.0.0-20170712174622-085abb85892d h1:xn9/eSi205OtZ/UBZrzr2C8vKSckpkRamTe7MjyuDIg=
github.com/go-ole/go-ole v0.0.0-20170712174622-085abb85892d/go.mod h1:7FAglXiTm7HKlQRDeOQ6ZNUHidzCWXuZWq/1dTyBNF8=
github.com/go-playground/locales v0.12.1 h1:2FITxuFt/xuCNP1Acdhv62OzaCiviiE4kotfhkmOqEc=
github.com/go-playground/locales v0.12.1/go.mod h1:IUMDtCfWo/w/mtMfIE/IG2K+Ey3ygWanZIBtBW0W2TM=
github.com/go-playground/universal-translator v0.0.0-20170327191703-71201497bace h1:vfBaUX49VsqTxXGADDIWvTPvaU4AbQyX/yENHE0f7AY=
github.com/go-playground/universal-translator v0.0.0-20170327191703-71201497bace/go.mod h1:1AnU7NaIRDWWzGEKwgtJRd2xk99HeFyHw3yid4rvQIY=
github.com/go-stack/stack v1.8.0 h1:5SgMzNM5HxrEjV0ww2lTmX6E2Izsfxas4+YHWRs3Lsk=
github.com/go-stack/stack v1.8.0/go.mod h1:v0f6uXyyMGvRgIKkXu+yp6POWl0qKG85gN/melR3HDY=
github.com/godbus/dbus v0.0.0-20170707174628-bd29ed602e2c h1:McPvV+XY19EPy7AJWVInJ+wcI2SShT3Bu+BP9rrfujk=
github.com/godbus/dbus v0.0.0-20170707174628-bd29ed602e2c/go.mod h1:/YcGZj5zSblfDWMMoOzV4fas9FZnQYTkDnsGvmh2Grw=
github.com/gogo/protobuf v0.0.0-20171213104750-35b81a066e52 h1:tJlQqbPeYSvJZ4Os/GQVGtYH3ecUbXmtNX80C+w5u34=
github.com/gogo/protobuf v0.0.0-20171213104750-35b81a066e52/go.mod h1:r8qH/GZQm5c6nD/R0oafs1akxWv10x8SbQlK7atdtwQ=
github.com/golang/mock v1.0.0 h1:HzcpUG60pfl43n9d2qbdi/3l1uKpAmxlfWEPWtV/QxM=
github.com/golang/mock v1.0.0/go.mod h1:oTYuIxOrZwtPieC+H1uAHpcLFnEyAGVDL/k47Jfbm0A=
github.com/golang/mock v1.1.1 h1:G5FRp8JnTd7RQH5kemVNlMeyXQAztQ3mOWV95KxsXH8=
github.com/golang/mock v1.1.1/go.mod h1:oTYuIxOrZwtPieC+H1uAHpcLFnEyAGVDL/k47Jfbm0A=
github.com/golang/protobuf v0.0.0-20180328163153-e09c5db29600 h1:9JtpUrGhEHL+r4w4ahu0MxGWacOcA3TwaDKdukl3YBg=
github.com/golang/protobuf v0.0.0-20180328163153-e09c5db29600/go.mod h1:6lQm79b+lXiMfvg/cZm0SGofjICqVBUtrP5yJMmIC1U=
github.com/golang/snappy v0.0.0-20180518054509-2e65f85255db h1:woRePGFeVFfLKN/pOkfl+p/TAqKOfFu+7KPlMVpok/w=
github.com/golang/snappy v0.0.0-20180518054509-2e65f85255db/go.mod h1:/XxbfmMg8lxefKM7IXC3fBNl/7bRcc72aCRzEWrmP2Q=
github.com/gosuri/uilive v0.0.0-20170323041506-ac356e6e42cd h1:1e+0Z+T4t1mKL5xxvxXh5FkjuiToQGKreCobLu7lR3Y=
github.com/gosuri/uilive v0.0.0-20170323041506-ac356e6e42cd/go.mod h1:qkLSc0A5EXSP6B04TrN4oQoxqFI7A8XvoXSlJi8cwk8=
github.com/gosuri/uiprogress v0.0.0-20170224063937-d0567a9d84a1 h1:4iPLwzjiWGBQnYdtKbg/JNlGlEEvklrrMdjypdA1LKQ=
github.com/gosuri/uiprogress v0.0.0-20170224063937-d0567a9d84a1/go.mod h1:C1RTYn4Sc7iEyf6j8ft5dyoZ4212h8G1ol9QQluh5+0=
github.com/grpc-ecosystem/go-grpc-middleware v0.0.0-20171215095238-967bee733a73 h1:yJW9Zya6tRUzHE8LrZ7/y1xZHVBeagdYSOtH/YwZtow=
github.com/grpc-ecosystem/go-grpc-middleware v0.0.0-20171215095238-967bee733a73/go.mod h1:FiyG127CGDf3tlThmgyCl78X/SZQqEOJBCDaAfeWzPs=
github.com/grpc-ecosystem/go-grpc-prometheus v0.0.0-20170826090648-0dafe0d496ea h1:Bzd/0fcg24qAEJyr7pTtDOn806SRBtzyloCuLTEvSOo=
github.com/grpc-ecosystem/go-grpc-prometheus v0.0.0-20170826090648-0dafe0d496ea/go.mod h1:8NvIoxWQoOIhqOTXgfV/d3M/q6VIi02HzZEHgUlZvzk=
github.com/gxed/GoEndian v0.0.0-20160916112711-0f5c6873267e h1:eIhARPSF2zPr1hKxiL81XWQ392f5stEEcs38UzZVSWo=
github.com/gxed/GoEndian v0.0.0-20160916112711-0f5c6873267e/go.mod h1:vckkIQ0K+GGne8aC4LseYg586YwBQhOxXMXGAmKsCdY=
github.com/gxed/eventfd v0.0.0-20160916113412-80a92cca79a8 h1:N97hyGE4Q7bfXLQHvCtVvhLA9ofDkh5nzFcaB+1kLic=
github.com/gxed/eventfd v0.0.0-20160916113412-80a92cca79a8/go.mod h1:UNZeDpt9TUOMKVo89Fm0D2Ql3htmIN8BzxIcQcmogzs=
github.com/hashicorp/errwrap v0.0.0-20141028054710-7554cd9344ce h1:prjrVgOk2Yg6w+PflHoszQNLTUh4kaByUcEWM/9uin4=
github.com/hashicorp/errwrap v0.0.0-20141028054710-7554cd9344ce/go.mod h1:YH+1FKiLXxHSkmPseP+kNlulaMuP3n2brvKWEqk/Jc4=
github.com/hashicorp/go-immutable-radix v0.0.0-20180129170900-7f3cd4390caa h1:0nA8i+6Rwqaq9xlpmVxxTwk6rxiEhX+E6Wh4vPNHiS8=
github.com/hashicorp/go-immutable-radix v0.0.0-20180129170900-7f3cd4390caa/go.mod h1:6ij3Z20p+OhOkCSrA0gImAWoHYQRGbnlcuk6XYTiaRw=
github.com/hashicorp/go-msgpack v0.0.0-20150518234257-fa3f63826f7c h1:BTAbnbegUIMB6xmQCwWE8yRzbA4XSpnZY5hvRJC188I=
github.com/hashicorp/go-msgpack v0.0.0-20150518234257-fa3f63826f7c/go.mod h1:ahLV/dePpqEmjfWmKiqvPkv/twdG7iPBM1vqhUKIvfM=
github.com/hashicorp/go-multierror v0.0.0-20171204182908-b7773ae21874 h1:em+tTnzgU7N22woTBMcSJAOW7tRHAkK597W+MD/CpK8=
github.com/hashicorp/go-multierror v0.0.0-20171204182908-b7773ae21874/go.mod h1:JMRHfdO9jKNzS/+BTlxCjKNQHg/jZAft8U7LloJvN7I=
github.com/hashicorp/go-sockaddr v0.0.0-20180320115054-6d291a969b86 h1:7YOlAIO2YWnJZkQp7B5eFykaIY7C9JndqAFQyVV5BhM=
github.com/hashicorp/go-sockaddr v0.0.0-20180320115054-6d291a969b86/go.mod h1:7Xibr9yA9JjQq1JpNB2Vw7kxv8xerXegt+ozgdvDeDU=
github.com/hashicorp/golang-lru v0.5.0 h1:CL2msUPvZTLb5O648aiLNJw3hnBxN2+1Jq8rCOH9wdo=
github.com/hashicorp/golang-lru v0.5.0/go.mod h1:/m3WP610KZHVQ1SGc6re/UDhFvYD7pJ4Ao+sR/qLZy8=
github.com/hashicorp/hcl v0.0.0-20180404174102-ef8a98b0bbce h1:xdsDDbiBDQTKASoGEZ+pEmF1OnWuu8AQ9I8iNbHNeno=
github.com/hashicorp/hcl v0.0.0-20180404174102-ef8a98b0bbce/go.mod h1:oZtUIOe8dh44I2q6ScRibXws4Ajl+d+nod3AaR9vL5w=
github.com/hashicorp/memberlist v0.0.0-20180209033901-2288bf30e9c8 h1:2q0VYjmSQhTFRtgtycbe0ULOHbZ7DKdGAeMYEPRRzGw=
github.com/hashicorp/memberlist v0.0.0-20180209033901-2288bf30e9c8/go.mod h1:ncdBp14cuox2iFOq3kDiquKU6fqsTBc3W6JvZwjxxsE=
github.com/howeyc/gopass v0.0.0-20170109162249-bf9dde6d0d2c h1:kQWxfPIHVLbgLzphqk3QUflDy9QdksZR4ygR807bpy0=
github.com/howeyc/gopass v0.0.0-20170109162249-bf9dde6d0d2c/go.mod h1:lADxMC39cJJqL93Duh1xhAs4I2Zs8mKS89XWXFGp9cs=
github.com/huin/goupnp v0.0.0-20180415215157-1395d1447324 h1:PV190X5/DzQ/tbFFG5YpT5mH6q+cHlfgqI5JuRnH9oE=
github.com/huin/goupnp v0.0.0-20180415215157-1395d1447324/go.mod h1:MZ2ZmwcBpvOoJ22IJsc7va19ZwoheaBk43rKg12SKag=
github.com/inconshreveable/mousetrap v1.0.0/go.mod h1:PxqpIevigyE2G7u3NXJIT2ANytuPF1OarO4DADm73n8=
github.com/influxdata/influxdb v0.0.0-20180412224233-7ebfc9c544e0 h1:UACGhl+uO8HlQlk0VHPcf1XxgrpGiCyamQe088piHLA=
github.com/influxdata/influxdb v0.0.0-20180412224233-7ebfc9c544e0/go.mod h1:qZna6X/4elxqT3yI9iZYdZrWWdeFOOprn86kgg4+IzY=
github.com/ipfs/go-log v0.0.0-20180131202911-0e2a17b81af4 h1:Vt3HgxMSfeX+TqgS3GMMCcPObS7MNqcVqibUVW67NIU=
github.com/ipfs/go-log v0.0.0-20180131202911-0e2a17b81af4/go.mod h1:AKYS9u+ECLT8t30brTaoVwu3f1FpGx6C0352oI1zQ0Q=
github.com/jackpal/go-nat-pmp v0.0.0-20170405195558-28a68d0c24ad h1:heFfj7z0pGsNCekUlsFhO2jstxO4b5iQ665LjwM5mDc=
github.com/jackpal/go-nat-pmp v0.0.0-20170405195558-28a68d0c24ad/go.mod h1:QPH045xvCAeXUZOxsnwmrtiCoxIr9eob+4orBN1SBKc=
github.com/jinzhu/configor v0.0.0-20171024081003-6ecfe629230f h1:EqwyS+p/y8jYt2unU88udH9nylFOoPMA6k1GQzkFd88=
github.com/jinzhu/configor v0.0.0-20171024081003-6ecfe629230f/go.mod h1:xycrO0mK6seJRAHXsdyk54QgPJ20aQNpTGi5xv8jQg8=
github.com/json-iterator/go v0.0.0-20180424004623-2ddf6d758266/go.mod h1:+SdeFBvtyEkXs7REEP0seUULqWtbJapLOCVDaaPEHmU=
github.com/karalabe/hid v0.0.0-20180420081245-2b4488a37358 h1:FVFwfCq+MMGoSohqKWiJwMy3FMZSM+vA0SrACbrFx1Y=
github.com/karalabe/hid v0.0.0-20180420081245-2b4488a37358/go.mod h1:YvbcH+3Wo6XPs9nkgTY3u19KXLauXW+J5nB7hEHuX0A=
github.com/konsorten/go-windows-terminal-sequences v0.0.0-20180402223658-b729f2633dfe/go.mod h1:T0+1ngSBFLxvqU3pZ+m/2kptfBszLMUkC4ZK/EgS/cQ=
github.com/lann/builder v0.0.0-20180216234317-1b87b36280d0 h1:2KbkALbvz9OAr38ObGXxhv+RsCZqrM+9LnEnyP+7bqU=
github.com/lann/builder v0.0.0-20180216234317-1b87b36280d0/go.mod h1:dXGbAdH5GtBTC4WfIxhKZfyBF/HBFgRZSWwZ9g/He9o=
github.com/lann/ps v0.0.0-20150810152359-62de8c46ede0 h1:P6pPBnrTSX3DEVR4fDembhRWSsG5rVo6hYhAB/ADZrk=
github.com/lann/ps v0.0.0-20150810152359-62de8c46ede0/go.mod h1:vmVJ0l/dxyfGW6FmdpVm2joNMFikkuWg0EoCKLGUMNw=
github.com/lib/pq v0.0.0-20180327071824-d34b9ff171c2 h1:hRGSmZu7j271trc9sneMrpOW7GN5ngLm8YUZIPzf394=
github.com/lib/pq v0.0.0-20180327071824-d34b9ff171c2/go.mod h1:5WUZQaWbwv1U+lTReE5YruASi9Al49XbQIvNi/34Woo=
github.com/libp2p/go-reuseport v0.1.10 h1:luit4a4lmixdyb1MXs8YNHkVe4cZx0ETN630HLqPsws=
github.com/libp2p/go-reuseport v0.1.10/go.mod h1:UeLFiw50cCfyDHBpU0sXBR8ul1MO/m51mXpRO/SYjCE=
github.com/libp2p/go-sockaddr v0.0.0-20180128062301-09ae606455f8 h1:zKo9Niz9yo6aGKQy4aoILJ1XiWlyJYAVLznJASTI83U=
github.com/libp2p/go-sockaddr v0.0.0-20180128062301-09ae606455f8/go.mod h1:N/q858DTOi0BT81GpvIRIls1x7my5oLpbxYZnbRXVBM=
github.com/magiconair/properties v0.0.0-20180217134545-2c9e95027885 h1:HWxJJvF+QceKcql4r9PC93NtMEgEBfBxlQrZPvbcQvs=
github.com/magiconair/properties v0.0.0-20180217134545-2c9e95027885/go.mod h1:PppfXfuXeibc/6YijjN8zIbojt8czPbwD3XqdrwzmxQ=
github.com/mattn/go-colorable v0.0.0-20180310133214-efa589957cd0 h1:cDvUG90i1ssGJGqMNx2Ubbn+bx7VOzjdvQ45zpy0X4w=
github.com/mattn/go-colorable v0.0.0-20180310133214-efa589957cd0/go.mod h1:9vuHe8Xs5qXnSaW/c/ABM9alt+Vo+STaOChaDxuIBZU=
github.com/mattn/go-isatty v0.0.4 h1:bnP0vzxcAdeI1zdubAl5PjU6zsERjGZb7raWodagDYs=
github.com/mattn/go-isatty v0.0.4/go.mod h1:M+lRXTBqGeGNdLjl/ufCoiOlB5xdOkqRJdNxMWT7Zi4=
github.com/mattn/go-runewidth v0.0.0-20170510074858-97311d9f7767 h1:Nk2R0tWpD2RdkQ+53zE6kWnSGuhQyDlnOs2MPiqVubE=
github.com/mattn/go-runewidth v0.0.0-20170510074858-97311d9f7767/go.mod h1:LwmH8dsx7+W8Uxz3IHJYH5QSwggIsqBzpuz5H//U1FU=
github.com/mattn/go-sqlite3 v0.0.0-20180307072036-9101028e5ca8 h1:3FndCFVZiuwnjEdq+Wqfo9yqainrkvnlt79CwztvV+8=
github.com/mattn/go-sqlite3 v0.0.0-20180307072036-9101028e5ca8/go.mod h1:FPy6KqzDD04eiIsT53CuJW3U88zkxoIYsOqkbpncsNc=
github.com/matttproud/golang_protobuf_extensions v1.0.1 h1:4hp9jkHxhMHkqkrB3Ix0jegS5sx/RkqARlsWZ6pIwiU=
github.com/matttproud/golang_protobuf_extensions v1.0.1/go.mod h1:D8He9yQNgCq6Z5Ld7szi9bcBfOoFv/3dc6xSMkL2PC0=
github.com/miekg/dns v1.0.4 h1:Ec3LTJwwzqT1++63P12fhtdEbQhtPE7TBdD6rlhqrMM=
github.com/miekg/dns v1.0.4/go.mod h1:W1PPwlIAgtquWBMBEV9nkV9Cazfe8ScdGz/Lj7v3Nrg=
github.com/mitchellh/go-homedir v0.0.0-20180523094522-3864e76763d9 h1:Y94YB7jrsihrbGSqRNMwRWJ2/dCxr0hdC2oPRohkx0A=
github.com/mitchellh/go-homedir v0.0.0-20180523094522-3864e76763d9/go.mod h1:SfyaCUpYCn1Vlf4IUYiD9fPX4A5wJrkLzIz1N1q0pr0=
github.com/mitchellh/mapstructure v0.0.0-20170523030023-d0303fe80992 h1:W7VHAEVflA5/eTyRvQ53Lz5j8bhRd1myHZlI/IZFvbU=
github.com/mitchellh/mapstructure v0.0.0-20170523030023-d0303fe80992/go.mod h1:FVVH3fgwuzCH5S8UJGiWEs2h04kUh9fWfEaFds41c1Y=
github.com/mmcloughlin/geohash v0.0.0-20180909114810-59020f29e94a h1:kDm60rQ8J1WP2C5HwsPHgkS6TKjzzIc6fc1xIwzabdA=
github.com/mmcloughlin/geohash v0.0.0-20180909114810-59020f29e94a/go.mod h1:oNZxQo5yWJh0eMQEP/8hwQuVx9Z9tjwFUqcTB1SmG0c=
github.com/modern-go/concurrent v0.0.0-20180306012644-bacd9c7ef1dd h1:TRLaZ9cD/w8PVh93nsPXa1VrQ6jlwL5oN8l14QlcNfg=
github.com/modern-go/concurrent v0.0.0-20180306012644-bacd9c7ef1dd/go.mod h1:6dJC0mAP4ikYIbvyc7fijjWJddQyLn8Ig3JB5CqoB9Q=
github.com/modern-go/reflect2 v0.0.0-20180320133207-05fbef0ca5da h1:ZQGIPjr1iTtUPXZFk8WShqb5G+Qg65VHFLtSvmHh+Mw=
github.com/modern-go/reflect2 v0.0.0-20180320133207-05fbef0ca5da/go.mod h1:bx2lNnkwVCuqBIxFjflWJWanXIb3RllmbCylyMrvgv0=
github.com/mohae/deepcopy v0.0.0-20170929034955-c48cc78d4826 h1:RWengNIwukTxcDr9M+97sNutRR1RKhG96O6jWumTTnw=
github.com/mohae/deepcopy v0.0.0-20170929034955-c48cc78d4826/go.mod h1:TaXosZuwdSHYgviHp1DAtfrULt5eUgsSMsZf+YrPgl8=
github.com/montanaflynn/stats v0.0.0-20171201202039-1bf9dbcd8cbe h1:iruDEfMl2E6fbMZ9s0scYfZQ84/6SPL6zC8ACM2oIL0=
github.com/montanaflynn/stats v0.0.0-20171201202039-1bf9dbcd8cbe/go.mod h1:wL8QJuTMNUDYhXwkmfOly8iTdp5TEcJFWZD2D7SIkUc=
github.com/noxiouz/zapctx v0.0.0-20170511100814-b19b4472cfa5 h1:3hLuFoZckgG/rEwPNRL/EmmUZnYXd7jInchL2/TbNzA=
github.com/noxiouz/zapctx v0.0.0-20170511100814-b19b4472cfa5/go.mod h1:slwgHlepEzKw9/Vvnvm4wKmSN2ZkYDA8iNFtdtVSBuw=
github.com/ogier/pflag v0.0.0-20160129220114-45c278ab3607/go.mod h1:zkFki7tvTa0tafRvTBIZTvzYyAu6kQhPZFnshFFPE+g=
github.com/olekukonko/tablewriter v0.0.0-20180506121414-d4647c9c7a84 h1:fiKJgB4JDUd43CApkmCeTSQlWjtTtABrU2qsgbuP0BI=
github.com/olekukonko/tablewriter v0.0.0-20180506121414-d4647c9c7a84/go.mod h1:vsDQFd/mU46D+Z4whnwzcISnGGzXWMclvtLoiIKAKIo=
github.com/opencontainers/go-digest v1.0.0-rc1 h1:WzifXhOVOEOuFYOJAW6aQqW0TooG2iki3E3Ii+WN7gQ=
github.com/opencontainers/go-digest v1.0.0-rc1/go.mod h1:cMLVZDEM3+U2I4VmLI6N8jQYUd2OVphdqWwCJHrFt2s=
github.com/opencontainers/image-spec v1.0.1 h1:JMemWkRwHx4Zj+fVxWoMCFm/8sYGGrUVojFA6h/TRcI=
github.com/opencontainers/image-spec v1.0.1/go.mod h1:BtxoFyWECRxE4U/7sNtV5W15zMzWCbyJoFRP3s7yZA0=
github.com/opencontainers/runtime-spec v0.0.0-20170728172216-6d696f524b25 h1:G+Erf2+ZIEmlRh8P18pacrg7+cOGYWcBBL08Mw4O6ZE=
github.com/opencontainers/runtime-spec v0.0.0-20170728172216-6d696f524b25/go.mod h1:jwyrGlmzljRJv/Fgzds9SsS/C5hL+LL3ko9hs6T5lQ0=
github.com/opentracing/basictracer-go v0.0.0-20171205173151-7be4bbce182d h1:HBQ9aS7zbvMtAc5Og6o90X/U2rbKTOX7fYlmLRkuLk0=
github.com/opentracing/basictracer-go v0.0.0-20171205173151-7be4bbce182d/go.mod h1:QfBfYuafItcjQuMwinw9GhYKwFXS9KnPs5lxoYwgW74=
github.com/opentracing/opentracing-go v0.0.0-20171003133519-1361b9cd60be h1:vn0ruyYif1hUWDS2aEUdh6JGUfgK8gOOLpz/iTjb6pQ=
github.com/opentracing/opentracing-go v0.0.0-20171003133519-1361b9cd60be/go.mod h1:UkNAQd3GIcIGf0SeVgPpRdFStlNbqXla1AfSYxPUl2o=
github.com/oschwald/geoip2-golang v1.2.1 h1:3iz+jmeJc6fuCyWeKgtXSXu7+zvkxJbHFXkMT5FVebU=
github.com/oschwald/geoip2-golang v1.2.1/go.mod h1:0LTTzix/Ao1uMvOhAV4iLU0Lz7eCrP94qZWBTDKf0iE=
github.com/oschwald/maxminddb-golang v1.3.0 h1:oTh8IBSj10S5JNlUDg5WjJ1QdBMdeaZIkPEVfESSWgE=
github.com/oschwald/maxminddb-golang v1.3.0/go.mod h1:3jhIUymTJ5VREKyIhWm66LJiQt04F0UCDdodShpjWsY=
github.com/pborman/uuid v0.0.0-20160216163710-c55201b03606 h1:/CPgDYrfeK2LMK6xcUhvI17yO9SlpAdDIJGkhDEgO8A=
github.com/pborman/uuid v0.0.0-20160216163710-c55201b03606/go.mod h1:VyrYX9gd7irzKovcSS6BIIEwPRkP2Wm2m9ufcdFSJ34=
github.com/pelletier/go-toml v0.0.0-20180323185243-66540cf1fcd2 h1:BR4UJUSGxC9crpVRG7k28Mq2HRB7lO2A3/ghfWl0R+M=
github.com/pelletier/go-toml v0.0.0-20180323185243-66540cf1fcd2/go.mod h1:5z9KED0ma1S8pY6P1sdut58dfprrGBbd/94hg7ilaic=
github.com/pkg/errors v0.8.0 h1:WdK/asTD0HN+q6hsWO3/vpuAkAr+tw6aNJNDFFf0+qw=
github.com/pkg/errors v0.8.0/go.mod h1:bwawxfHBFNV+L2hUp1rHADufV3IMtnDRdf1r5NINEl0=
github.com/pmezard/go-difflib v1.0.0 h1:4DBwDE0NGyQoBHbLQYPwSUPoCMWR5BEzIk/f1lZbAQM=
github.com/pmezard/go-difflib v1.0.0/go.mod h1:iKH77koFhYxTK1pcRnkKkqfTogsbg7gZNVY4sRDYZ/4=
github.com/pquerna/ffjson v0.0.0-20171002144729-d49c2bc1aa13 h1:AUK/hm/tPsiNNASdb3J8fySVRZoI7fnK5mlOvdFD43o=
github.com/pquerna/ffjson v0.0.0-20171002144729-d49c2bc1aa13/go.mod h1:YARuvh7BUWHNhzDq2OM5tzR2RiCcN2D7sapiKyCel/M=
github.com/prometheus/client_golang v0.0.0-20180120141031-06bc6e01f4ba h1:q/frWmh3xWSZsba5Z/zWN2+YKIimUqsqL42F4cFd+n0=
github.com/prometheus/client_golang v0.0.0-20180120141031-06bc6e01f4ba/go.mod h1:7SWBe2y4D6OKWSNQJUaRYU/AaXPKyh/dDVn+NZz0KFw=
github.com/prometheus/client_model v0.0.0-20171117100541-99fa1f4be8e5 h1:cLL6NowurKLMfCeQy4tIeph12XNQWgANCNvdyrOYKV4=
github.com/prometheus/client_model v0.0.0-20171117100541-99fa1f4be8e5/go.mod h1:MbSGuTsp3dbXC40dX6PRTWyKYBIrTGTE9sqQNg2J8bo=
github.com/prometheus/common v0.0.0-20180110214958-89604d197083 h1:BVsJT8+ZbyuL3hypz/HmEiM8h2P6hBQGig4el9/MdjA=
github.com/prometheus/common v0.0.0-20180110214958-89604d197083/go.mod h1:daVV7qP5qjZbuso7PdcryaAu0sAZbrN9i7WWcTMWvro=
github.com/prometheus/procfs v0.0.0-20171226183907-b15cd069a834 h1:jQVavQNtg1+b1/lxzhVA1JS3NYnCTo4b5Mo6z1N6apo=
github.com/prometheus/procfs v0.0.0-20171226183907-b15cd069a834/go.mod h1:c3At6R/oaqEKCNdg8wHV1ftS6bRYblBhIjjI8uT2IGk=
github.com/prometheus/prometheus v2.4.3+incompatible h1:hQEvPnUF8oiGkiQMllJiOkzSyoQev1v2nQZaf6/z/4g=
github.com/rcrowley/go-metrics v0.0.0-20180503174638-e2704e165165 h1:nkcn14uNmFEuGCb2mBZbBb24RdNRL08b/wb+xBOYpuk=
github.com/rcrowley/go-metrics v0.0.0-20180503174638-e2704e165165/go.mod h1:bCqnVzQkZxMG4s8nGwiZ5l3QUCyqpo9Y+/ZMZ9VjZe4=
github.com/rjeczalik/notify v0.9.2 h1:MiTWrPj55mNDHEiIX5YUSKefw/+lCQVoAFmD6oQm5w8=
github.com/rjeczalik/notify v0.9.2/go.mod h1:aErll2f0sUX9PXZnVNyeiObbmTlk5jnMoCa4QEjJeqM=
github.com/robertkrimen/otto v0.0.0-20180617131154-15f95af6e78d h1:1VUlQbCfkoSGv7qP7Y+ro3ap1P1pPZxgdGVqiTVy5C4=
github.com/robertkrimen/otto v0.0.0-20180617131154-15f95af6e78d/go.mod h1:xvqspoSXJTIpemEonrMDFq6XzwHYYgToXWj5eRX1OtY=
github.com/rs/cors v0.0.0-20180826180256-dc7332ab32be h1:LUyzWo1Rfok+f2klFudOHnAo/EgLyEr62Ck+tDUX+r8=
github.com/rs/cors v0.0.0-20180826180256-dc7332ab32be/go.mod h1:gFx+x8UowdsKA9AchylcLynDq+nNFfI8FkUZdN/jGCU=
github.com/satori/uuid v0.0.0-20170321230731-5bf94b69c6b6/go.mod h1:B8HLsPLik/YNn6KKWVMDJ8nzCL8RP5WyfsnmvnAEwIU=
github.com/sean-/seed v0.0.0-20170313163322-e2103e2c3529 h1:nn5Wsu0esKSJiIVhscUtVbo7ada43DJhG55ua/hjS5I=
github.com/sean-/seed v0.0.0-20170313163322-e2103e2c3529/go.mod h1:DxrIzT+xaE7yg65j358z/aeFdxmN0P9QXhEzd20vsDc=
github.com/serialx/hashring v0.0.0-20170811022404-6a9381c5a83e h1:3dkvTQBBiG7hLQ9rOzC/aSL6DGYhH5UV4qAyGItNRok=
github.com/serialx/hashring v0.0.0-20170811022404-6a9381c5a83e/go.mod h1:/yeG0My1xr/u+HZrFQ1tOQQQQrOawfyMUH13ai5brBc=
github.com/sevlyar/retag v0.0.0-20171212084444-de3f0096c81e/go.mod h1:mOWh3Kdot9kBKCLbKcJTzIBBEPKRJAq2lk03eVVDmco=
github.com/shirou/gopsutil v0.0.0-20170804030934-3aa2ffab12a1 h1:0/REQJS76PbyuU7sFlvcFNujHZJwDO3Qkhh0H7qe8jg=
github.com/shirou/gopsutil v0.0.0-20170804030934-3aa2ffab12a1/go.mod h1:5b4v6he4MtMOwMlS0TUMTu2PcXUg8+E1lC7eC3UO/RA=
github.com/sirupsen/logrus v1.1.0 h1:65VZabgUiV9ktjGM5nTq0+YurgTyX+YI2lSSfDjI+qU=
github.com/sirupsen/logrus v1.1.0/go.mod h1:zrgwTnHtNr00buQ1vSptGe8m1f/BbgsPukg8qsT7A+A=
github.com/spf13/afero v1.1.0 h1:bopulORc2JeYaxfHLvJa5NzxviA9PoWhpiiJkru7Ji4=
github.com/spf13/afero v1.1.0/go.mod h1:j4pytiNVoe2o6bmDsKpLACNPDBIoEAkihy7loJ1B0CQ=
github.com/spf13/cast v1.2.0 h1:HHl1DSRbEQN2i8tJmtS6ViPyHx35+p51amrdsiTCrkg=
github.com/spf13/cast v1.2.0/go.mod h1:r2rcYCSwa1IExKTDiTfzaxqT2FNHs8hODu4LnUfgKEg=
github.com/spf13/cobra v0.0.0-20170731170427-b26b538f6930 h1:uJND9FKkf5s8kdTQX1jDygtp/zV4BJQpYvOmXPCYWgc=
github.com/spf13/cobra v0.0.0-20170731170427-b26b538f6930/go.mod h1:1l0Ry5zgKvJasoi3XT1TypsSe7PqH0Sj9dhYf7v3XqQ=
github.com/spf13/jwalterweatherman v0.0.0-20180109140146-7c0cea34c8ec h1:2ZXvIUGghLpdTVHR1UfvfrzoVlZaE/yOWC5LueIHZig=
github.com/spf13/jwalterweatherman v0.0.0-20180109140146-7c0cea34c8ec/go.mod h1:cQK4TGJAtQXfYWX+Ddv3mKDzgVb68N+wFjFa4jdeBTo=
github.com/spf13/pflag v1.0.0 h1:oaPbdDe/x0UncahuwiPxW1GYJyilRAdsPnq3e1yaPcI=
github.com/spf13/pflag v1.0.0/go.mod h1:DYY7MBk1bdzusC3SYhjObp+wFpr4gzcvqqNjLnInEg4=
github.com/spf13/viper v0.0.0-20180404183325-8dc2790b029d h1:L8nQzf8HvZkwRTWjJb7O5Fww1fk6WtNaDr07G6tyJ/E=
github.com/spf13/viper v0.0.0-20180404183325-8dc2790b029d/go.mod h1:A8kyI5cUJhb8N+3pkfONlcEcZbueH6nhAm0Fq7SrnBM=
github.com/sshaman1101/nvidia-docker v0.0.0-20180123151056-303029acd1a0e29ef58d67ca4f6e098bd9fb8d3c/go.mod h1:b7O6MiIOQVIu7sdyTrRe7bv4iRhQZPwrQ3Z3z0FmbIA=
github.com/sshaman1101/nvidia-docker v0.0.0-20180123151056-759a11342d8f h1:eCpVKr87+XbqYDd+ndm9BYApgeHpY7/QcLTUyLkgiwY=
github.com/sshaman1101/nvidia-docker v0.0.0-20180123151056-759a11342d8f/go.mod h1:b7O6MiIOQVIu7sdyTrRe7bv4iRhQZPwrQ3Z3z0FmbIA=
github.com/sshaman1101/nvidia-docker v0.0.0-20180123151056-ca608186965c8bd0da8d2c123b40086609bb1a32/go.mod h1:b7O6MiIOQVIu7sdyTrRe7bv4iRhQZPwrQ3Z3z0FmbIA=
github.com/sshaman1101/nvidia-docker v0.0.1/go.mod h1:b7O6MiIOQVIu7sdyTrRe7bv4iRhQZPwrQ3Z3z0FmbIA=
github.com/stretchr/testify v0.0.0-20180319223459-c679ae2cc0cb/go.mod h1:a8OnRcib4nhh0OaRAV+Yts87kKdq0PP7pXfy6kDkUVs=
github.com/stretchr/testify v1.2.2 h1:bSDNvY7ZPG5RlJ8otE/7V6gMiyenm9RtJ7IUVIAoJ1w=
github.com/stretchr/testify v1.2.2/go.mod h1:a8OnRcib4nhh0OaRAV+Yts87kKdq0PP7pXfy6kDkUVs=
github.com/syndtr/goleveldb v0.0.0-20180815032940-ae2bd5eed72d h1:4J9HCZVpvDmj2tiKGSTUnb3Ok/9CEQb9oqu9LHKQQpc=
github.com/syndtr/goleveldb v0.0.0-20180815032940-ae2bd5eed72d/go.mod h1:Z4AUp2Km+PwemOoO/VB5AOx9XSsIItzFjoJlOSiYmn0=
github.com/tcnksm/go-input v0.0.0-20180404061846-548a7d7a8ee8 h1:RB0v+/pc8oMzPsN97aZYEwNuJ6ouRJ2uhjxemJ9zvrY=
github.com/tcnksm/go-input v0.0.0-20180404061846-548a7d7a8ee8/go.mod h1:IlWNj9v/13q7xFbaK4mbyzMNwrZLaWSHx/aibKIZuIg=
github.com/tehnerd/gnl2go v0.0.0-20161218223753-101b5c6e2d44/go.mod h1:ho5hu6e3BT3kmL/vqjMe4ULdKhHRv4FStQfCXxFjvSc=
github.com/uber-go/atomic v1.3.1 h1:+izya2B6auKmqVUld0LuB91d0+q4LOFfhYNaZgvow4w=
github.com/uber-go/atomic v1.3.1/go.mod h1:/Ct5t2lcmbJ4OSe/waGBoaVvVqtO0bmtfVNex1PFV8g=
github.com/veandco/go-sdl2 v0.0.0-20180925095440-75ff82abc4e3 h1:S1dvzp6ZDdmz1M4oRQ6ceLwU6ZDCNvIa20zhJRHyKgE=
github.com/veandco/go-sdl2 v0.0.0-20180925095440-75ff82abc4e3/go.mod h1:FB+kTpX9YTE+urhYiClnRzpOXbiWgaU3+5F2AB78DPg=
github.com/vishvananda/netlink v0.0.0-20180515155430-7c0b5944a303 h1:U0KAfJSi76bELGN60Bkh3MY5eis5Z69RulOeQFHYDFw=
github.com/vishvananda/netlink v0.0.0-20180515155430-7c0b5944a303/go.mod h1:+SR5DhBJrl6ZM7CoCKvpw5BKroDKQ+PJqOg65H/2ktk=
github.com/vishvananda/netns v0.0.0-20171111001504-be1fbeda1936 h1:J9gO8RJCAFlln1jsvRba/CWVUnMHwObklfxxjErl1uk=
github.com/vishvananda/netns v0.0.0-20171111001504-be1fbeda1936/go.mod h1:ZjcWmFBXmLKZu9Nxj3WKYEafiSqer2rnvPr0en9UNpI=
github.com/whyrusleeping/go-logging v0.0.0-20170515211332-0457bb6b88fc h1:9lDbC6Rz4bwmou+oE6Dt4Cb2BGMur5eR/GYptkKUVHo=
github.com/whyrusleeping/go-logging v0.0.0-20170515211332-0457bb6b88fc/go.mod h1:bopw91TMyo8J3tvftk8xmU2kPmlrt4nScJQZU2hE5EM=
github.com/yandex/pandora v0.1.3 h1:UipUxpwkq9N+FeyAruYTx6hOaa686HNC4MJkvZuNv7Y=
github.com/yandex/pandora v0.1.3/go.mod h1:ln/prnRG2ar+81eTMGnNiqFiPpoJGMl5JaI/XR2F5uI=
go.uber.org/atomic v0.0.0-20170719224650-70bd1261d36b h1:8oSyNGzqkEt+JvEEv4c7S8hBRe73J96WmS6hpcdT4mk=
go.uber.org/atomic v0.0.0-20170719224650-70bd1261d36b/go.mod h1:gD2HeocX3+yG+ygLZcrzQJaqmWj9AIm7n08wl/qW/PE=
go.uber.org/zap v1.4.0 h1:1NCAUAdWsNejrjT3CHBdCbC20Ztt9AfByBV0NMX6Sao=
go.uber.org/zap v1.4.0/go.mod h1:vwi/ZaCAaUcBkycHslxD9B2zi4UTXhF60s6SWpuDF0Q=
golang.org/x/crypto v0.0.0-20180904163835-0709b304e793/go.mod h1:6SG95UA2DQfeDnfUPMdvaQW0Q7yPrPDi9nlGo2tz2b4=
golang.org/x/crypto v0.0.0-20180927165925-5295e8364332 h1:hvQVdF6P9DX4OiKA5tpehlG6JsgzmyQiThG7q5Bn3UQ=
golang.org/x/crypto v0.0.0-20180927165925-5295e8364332/go.mod h1:6SG95UA2DQfeDnfUPMdvaQW0Q7yPrPDi9nlGo2tz2b4=
golang.org/x/net v0.0.0-20180926154720-4dfa2610cdf3 h1:dgd4x4kJt7G4k4m93AYLzM8Ni6h2qLTfh9n9vXJT3/0=
golang.org/x/net v0.0.0-20180926154720-4dfa2610cdf3/go.mod h1:mL1N/T3taQHkDXs73rZJwtUhF3w3ftmwwsq0BUmARs4=
golang.org/x/net v0.0.0-20181004194319-68fc911561ed h1:I/REEzHOaFBzlimCr4aoxCQY/gZkX+QCakxUXRInmwg=
golang.org/x/sync v0.0.0-20180314180146-1d60e4601c6f h1:wMNYb4v58l5UBM7MYRLPG6ZhfOqbKu7X5eyFl8ZhKvA=
golang.org/x/sync v0.0.0-20180314180146-1d60e4601c6f/go.mod h1:RxMgew5VJxzue5/jJTE5uejpjVlOe/izrB70Jof72aM=
golang.org/x/sys v0.0.0-20180905080454-ebe1bf3edb33/go.mod h1:STP8DvDyc/dI5b8T5hshtkjS+E42TnysNCUPdjciGhY=
golang.org/x/sys v0.0.0-20180926160741-c2ed4eda69e7/go.mod h1:STP8DvDyc/dI5b8T5hshtkjS+E42TnysNCUPdjciGhY=
golang.org/x/sys v0.0.0-20180928133829-e4b3c5e90611 h1:O33LKL7WyJgjN9CvxfTIomjIClbd/Kq86/iipowHQU0=
golang.org/x/sys v0.0.0-20180928133829-e4b3c5e90611/go.mod h1:STP8DvDyc/dI5b8T5hshtkjS+E42TnysNCUPdjciGhY=
golang.org/x/text v0.0.0-20180911161511-905a57155faa h1:uIJ7KxPgS7ODNO//HqlPfjWmWDGRsoONAVcEVaJNWNs=
golang.org/x/text v0.0.0-20180911161511-905a57155faa/go.mod h1:NqM8EUOU14njkJ3fqMW+pc6Ldnwhi/IjpwHt7yyuwOQ=
golang.org/x/tools v0.0.0-20180928181343-b3c0be4c978b h1:hjfKpJoTfQ2QXKPX9eCDFBZ0t9sDrZL/viAgrN962TQ=
golang.org/x/tools v0.0.0-20180928181343-b3c0be4c978b/go.mod h1:n7NCudcB/nEzxVGmLbDWY5pfWTLqBcC2KZ6jyYvM4mQ=
google.golang.org/genproto v0.0.0-20180206005123-2b5a72b8730b h1:OeIgOx0Uu9oBj6JJwlmVnWwNXk+28RE9ySMmpGeQuUs=
google.golang.org/genproto v0.0.0-20180206005123-2b5a72b8730b/go.mod h1:JiN7NxoALGmiZfu7CAH4rXhgtRTLTxftemlI0sWmxmc=
google.golang.org/grpc v0.0.0-20180801224056-b20cbb449d97 h1:YzqSUA/7jULUN2DxMRk5n0kOK6lqvopM5gOVoh6QVgI=
google.golang.org/grpc v0.0.0-20180801224056-b20cbb449d97/go.mod h1:yo6s7OP7yaDglbqo1J04qKzAhqBH6lvTonzMVmEdcZw=
gopkg.in/bluesuncorp/validator.v9 v9.15.0/go.mod h1:sz1RrKEIYJCpC5S6ruDsBWo5vYV69E+bEZ86LbUsSZ8=
gopkg.in/check.v1 v0.0.0-20161208181325-20d25e280405/go.mod h1:Co6ibVJAznAaIkqp8huTwlJQCZ016jof/cbN4VW5Yz0=
gopkg.in/go-playground/validator.v8 v8.18.2 h1:lFB4DoMU6B626w8ny76MV7VX6W2VHct2GVOI3xgiMrQ=
gopkg.in/go-playground/validator.v8 v8.18.2/go.mod h1:RX2a/7Ha8BgOhfk7j780h4/u/RRjR0eouCJSH80/M2Y=
gopkg.in/natefinch/npipe.v2 v2.0.0-20160621034901-c1b8fa8bdcce/go.mod h1:5AcXVHNjg+BDxry382+8OKon8SEWiKktQR07RKPsv1c=
gopkg.in/olebedev/go-duktape.v3 v3.0.0-20180302121509-abf0ba0be5d5 h1:VWXVtmkY4YFVuF1FokZ0PUsuvtx3Di6z/m47daSP5f0=
gopkg.in/olebedev/go-duktape.v3 v3.0.0-20180302121509-abf0ba0be5d5/go.mod h1:uAJfkITjFhyEEuUfm7bsmCZRbW5WRq8s9EY8HZ6hCns=
gopkg.in/oleiade/lane.v1 v1.0.0 h1:Xs7/GTdnZNGuuXV7z8gTrHoHEeHdCnhuNXm4n0UpxjY=
gopkg.in/oleiade/lane.v1 v1.0.0/go.mod h1:e9mCiNjxfTGlkjxn/TPK3JUwhjKjby5cjXuGotH/QlE=
gopkg.in/sourcemap.v1 v1.0.5 h1:inv58fC9f9J3TK2Y2R1NPntXEn3/wjWHkonhIUODNTI=
gopkg.in/sourcemap.v1 v1.0.5/go.mod h1:2RlvNNSMglmRrcvhfuzp4hQHwOtjxlbjX7UPY/GXb78=
gopkg.in/urfave/cli.v1 v1.20.0 h1:NdAVW6RYxDif9DhDHaAortIu956m2c0v+09AZBPTbE0=
gopkg.in/urfave/cli.v1 v1.20.0/go.mod h1:vuBzUtMdQeixQj8LVd+/98pzhxNGQoyuPBlsXHOQNO0=
gopkg.in/yaml.v1 v1.0.0-20140924161607-9f9df34309c0 h1:POO/ycCATvegFmVuPpQzZFJ+pGZeX22Ufu6fibxDVjU=
gopkg.in/yaml.v1 v1.0.0-20140924161607-9f9df34309c0/go.mod h1:WDnlLJ4WF5VGsH/HVa3CI79GS0ol3YnhVnKP89i0kNg=
gopkg.in/yaml.v2 v2.2.1 h1:mUhvW9EsL+naU5Q3cakzfE91YhliOondGd6ZrsDBHQE=
gopkg.in/yaml.v2 v2.2.1/go.mod h1:hI93XBmqTisBFMUTm0b8Fm+jr3Dg1NNxqwp+5A1VGuI=
